
Microsoft Visual Studio Solution File, Format Version 12.00
# Visual Studio Version 17
VisualStudioVersion = 17.8.34408.163
MinimumVisualStudioVersion = 10.0.40219.1
Project("{9A19103F-16F7-4668-BE54-9A1E7A4F7556}") = "TasksList", "TasksList\TasksList.csproj", "{40D2EE21-FCC6-479A-AA8B-BE73DC64A3BE}"
EndProject
Project("{9A19103F-16F7-4668-BE54-9A1E7A4F7556}") = "TasksList.Core", "TaskList.Core\TasksList.Core.csproj", "{1105DEF2-46F7-43D6-900C-0D2B5BE8A5AB}"
EndProject
Project("{9A19103F-16F7-4668-BE54-9A1E7A4F7556}") = "TasksList.Database", "TasksList.Database\TasksList.Database.csproj", "{AE9C0746-27AF-4FBB-B284-51466D02EB8B}"
EndProject
Global
	GlobalSection(SolutionConfigurationPlatforms) = preSolution
		Debug|Any CPU = Debug|Any CPU
		Release|Any CPU = Release|Any CPU
	EndGlobalSection
	GlobalSection(ProjectConfigurationPlatforms) = postSolution
		{40D2EE21-FCC6-479A-AA8B-BE73DC64A3BE}.Debug|Any CPU.ActiveCfg = Debug|Any CPU
		{40D2EE21-FCC6-479A-AA8B-BE73DC64A3BE}.Debug|Any CPU.Build.0 = Debug|Any CPU
		{40D2EE21-FCC6-479A-AA8B-BE73DC64A3BE}.Release|Any CPU.ActiveCfg = Release|Any CPU
		{40D2EE21-FCC6-479A-AA8B-BE73DC64A3BE}.Release|Any CPU.Build.0 = Release|Any CPU
		{1105DEF2-46F7-43D6-900C-0D2B5BE8A5AB}.Debug|Any CPU.ActiveCfg = Debug|Any CPU
		{1105DEF2-46F7-43D6-900C-0D2B5BE8A5AB}.Debug|Any CPU.Build.0 = Debug|Any CPU
		{1105DEF2-46F7-43D6-900C-0D2B5BE8A5AB}.Release|Any CPU.ActiveCfg = Release|Any CPU
		{1105DEF2-46F7-43D6-900C-0D2B5BE8A5AB}.Release|Any CPU.Build.0 = Release|Any CPU
		{AE9C0746-27AF-4FBB-B284-51466D02EB8B}.Debug|Any CPU.ActiveCfg = Debug|Any CPU
		{AE9C0746-27AF-4FBB-B284-51466D02EB8B}.Debug|Any CPU.Build.0 = Debug|Any CPU
		{AE9C0746-27AF-4FBB-B284-51466D02EB8B}.Release|Any CPU.ActiveCfg = Release|Any CPU
		{AE9C0746-27AF-4FBB-B284-51466D02EB8B}.Release|Any CPU.Build.0 = Release|Any CPU
	EndGlobalSection
	GlobalSection(SolutionProperties) = preSolution
		HideSolutionNode = FALSE
	EndGlobalSection
	GlobalSection(ExtensibilityGlobals) = postSolution
		SolutionGuid = {E6BFAC3B-91AD-4FBB-B1CA-3A1D3DE7F55F}
	EndGlobalSection
EndGlobal
